// !$*UTF8*$!
{
	archiveVersion = 1;
	classes = {
	};
	objectVersion = 55;
	objects = {

/* Begin PBXBuildFile section */
		75488F92287815EF00C993AD /* FirebaseAuth in Frameworks */ = {isa = PBXBuildFile; productRef = 75488F91287815EF00C993AD /* FirebaseAuth */; };
		75488F94287815EF00C993AD /* FirebaseDatabase in Frameworks */ = {isa = PBXBuildFile; productRef = 75488F93287815EF00C993AD /* FirebaseDatabase */; };
		75488F96287815EF00C993AD /* FirebaseDatabaseSwift in Frameworks */ = {isa = PBXBuildFile; productRef = 75488F95287815EF00C993AD /* FirebaseDatabaseSwift */; };
		75488F982878193700C993AD /* Bird.swift in Sources */ = {isa = PBXBuildFile; fileRef = 75488F972878193700C993AD /* Bird.swift */; };
		75488F9A28781A1000C993AD /* BirdViewModel.swift in Sources */ = {isa = PBXBuildFile; fileRef = 75488F9928781A1000C993AD /* BirdViewModel.swift */; };
		75488F9C287857AD00C993AD /* GoogleService-Info.plist in Resources */ = {isa = PBXBuildFile; fileRef = 75488F9B287857AD00C993AD /* GoogleService-Info.plist */; };
		7592F9DF287812210040DBAF /* BirdApp.swift in Sources */ = {isa = PBXBuildFile; fileRef = 7592F9DE287812210040DBAF /* BirdApp.swift */; };
		7592F9E1287812210040DBAF /* ContentView.swift in Sources */ = {isa = PBXBuildFile; fileRef = 7592F9E0287812210040DBAF /* ContentView.swift */; };
		7592F9E3287812230040DBAF /* Assets.xcassets in Resources */ = {isa = PBXBuildFile; fileRef = 7592F9E2287812230040DBAF /* Assets.xcassets */; };
		7592F9E6287812230040DBAF /* Preview Assets.xcassets in Resources */ = {isa = PBXBuildFile; fileRef = 7592F9E5287812230040DBAF /* Preview Assets.xcassets */; };
		7592F9F0287812230040DBAF /* BirdTests.swift in Sources */ = {isa = PBXBuildFile; fileRef = 7592F9EF287812230040DBAF /* BirdTests.swift */; };
		7592F9FA287812230040DBAF /* BirdUITests.swift in Sources */ = {isa = PBXBuildFile; fileRef = 7592F9F9287812230040DBAF /* BirdUITests.swift */; };
		7592F9FC287812230040DBAF /* BirdUITestsLaunchTests.swift in Sources */ = {isa = PBXBuildFile; fileRef = 7592F9FB287812230040DBAF /* BirdUITestsLaunchTests.swift */; };
/* End PBXBuildFile section */

/* Begin PBXContainerItemProxy section */
		7592F9EC287812230040DBAF /* PBXContainerItemProxy */ = {
			isa = PBXContainerItemProxy;
			containerPortal = 7592F9D3287812210040DBAF /* Project object */;
			proxyType = 1;
			remoteGlobalIDString = 7592F9DA287812210040DBAF;
			remoteInfo = Bird;
		};
		7592F9F6287812230040DBAF /* PBXContainerItemProxy */ = {
			isa = PBXContainerItemProxy;
			containerPortal = 7592F9D3287812210040DBAF /* Project object */;
			proxyType = 1;
			remoteGlobalIDString = 7592F9DA287812210040DBAF;
			remoteInfo = Bird;
		};
/* End PBXContainerItemProxy section */

/* Begin PBXFileReference section */
		75488F972878193700C993AD /* Bird.swift */ = {isa = PBXFileReference; lastKnownFileType = sourcecode.swift; path = Bird.swift; sourceTree = "<group>"; };
		75488F9928781A1000C993AD /* BirdViewModel.swift */ = {isa = PBXFileReference; lastKnownFileType = sourcecode.swift; path = BirdViewModel.swift; sourceTree = "<group>"; };
		75488F9B287857AD00C993AD /* GoogleService-Info.plist */ = {isa = PBXFileReference; fileEncoding = 4; lastKnownFileType = text.plist.xml; name = "GoogleService-Info.plist"; path = "../../GoogleService-Info.plist"; sourceTree = "<group>"; };
		7592F9DB287812210040DBAF /* Bird.app */ = {isa = PBXFileReference; explicitFileType = wrapper.application; includeInIndex = 0; path = Bird.app; sourceTree = BUILT_PRODUCTS_DIR; };
		7592F9DE287812210040DBAF /* BirdApp.swift */ = {isa = PBXFileReference; lastKnownFileType = sourcecode.swift; path = BirdApp.swift; sourceTree = "<group>"; };
		7592F9E0287812210040DBAF /* ContentView.swift */ = {isa = PBXFileReference; lastKnownFileType = sourcecode.swift; path = ContentView.swift; sourceTree = "<group>"; };
		7592F9E2287812230040DBAF /* Assets.xcassets */ = {isa = PBXFileReference; lastKnownFileType = folder.assetcatalog; path = Assets.xcassets; sourceTree = "<group>"; };
		7592F9E5287812230040DBAF /* Preview Assets.xcassets */ = {isa = PBXFileReference; lastKnownFileType = folder.assetcatalog; path = "Preview Assets.xcassets"; sourceTree = "<group>"; };
		7592F9EB287812230040DBAF /* BirdTests.xctest */ = {isa = PBXFileReference; explicitFileType = wrapper.cfbundle; includeInIndex = 0; path = BirdTests.xctest; sourceTree = BUILT_PRODUCTS_DIR; };
		7592F9EF287812230040DBAF /* BirdTests.swift */ = {isa = PBXFileReference; lastKnownFileType = sourcecode.swift; path = BirdTests.swift; sourceTree = "<group>"; };
		7592F9F5287812230040DBAF /* BirdUITests.xctest */ = {isa = PBXFileReference; explicitFileType = wrapper.cfbundle; includeInIndex = 0; path = BirdUITests.xctest; sourceTree = BUILT_PRODUCTS_DIR; };
		7592F9F9287812230040DBAF /* BirdUITests.swift */ = {isa = PBXFileReference; lastKnownFileType = sourcecode.swift; path = BirdUITests.swift; sourceTree = "<group>"; };
		7592F9FB287812230040DBAF /* BirdUITestsLaunchTests.swift */ = {isa = PBXFileReference; lastKnownFileType = sourcecode.swift; path = BirdUITestsLaunchTests.swift; sourceTree = "<group>"; };
/* End PBXFileReference section */

/* Begin PBXFrameworksBuildPhase section */
		7592F9D8287812210040DBAF /* Frameworks */ = {
			isa = PBXFrameworksBuildPhase;
			buildActionMask = 2147483647;
			files = (
				75488F96287815EF00C993AD /* FirebaseDatabaseSwift in Frameworks */,
				75488F94287815EF00C993AD /* FirebaseDatabase in Frameworks */,
				75488F92287815EF00C993AD /* FirebaseAuth in Frameworks */,
			);
			runOnlyForDeploymentPostprocessing = 0;
		};
		7592F9E8287812230040DBAF /* Frameworks */ = {
			isa = PBXFrameworksBuildPhase;
			buildActionMask = 2147483647;
			files = (
			);
			runOnlyForDeploymentPostprocessing = 0;
		};
		7592F9F2287812230040DBAF /* Frameworks */ = {
			isa = PBXFrameworksBuildPhase;
			buildActionMask = 2147483647;
			files = (
			);
			runOnlyForDeploymentPostprocessing = 0;
		};
/* End PBXFrameworksBuildPhase section */

/* Begin PBXGroup section */
		7592F9D2287812210040DBAF = {
			isa = PBXGroup;
			children = (
				7592F9DD287812210040DBAF /* Bird */,
				7592F9EE287812230040DBAF /* BirdTests */,
				7592F9F8287812230040DBAF /* BirdUITests */,
				7592F9DC287812210040DBAF /* Products */,
			);
			sourceTree = "<group>";
		};
		7592F9DC287812210040DBAF /* Products */ = {
			isa = PBXGroup;
			children = (
				7592F9DB287812210040DBAF /* Bird.app */,
				7592F9EB287812230040DBAF /* BirdTests.xctest */,
				7592F9F5287812230040DBAF /* BirdUITests.xctest */,
			);
			name = Products;
			sourceTree = "<group>";
		};
		7592F9DD287812210040DBAF /* Bird */ = {
			isa = PBXGroup;
			children = (
				7592F9DE287812210040DBAF /* BirdApp.swift */,
				7592F9E0287812210040DBAF /* ContentView.swift */,
				75488F972878193700C993AD /* Bird.swift */,
				75488F9928781A1000C993AD /* BirdViewModel.swift */,
				7592F9E2287812230040DBAF /* Assets.xcassets */,
				75488F9B287857AD00C993AD /* GoogleService-Info.plist */,
				7592F9E4287812230040DBAF /* Preview Content */,
			);
			path = Bird;
			sourceTree = "<group>";
		};
		7592F9E4287812230040DBAF /* Preview Content */ = {
			isa = PBXGroup;
			children = (
				7592F9E5287812230040DBAF /* Preview Assets.xcassets */,
			);
			path = "Preview Content";
			sourceTree = "<group>";
		};
		7592F9EE287812230040DBAF /* BirdTests */ = {
			isa = PBXGroup;
			children = (
				7592F9EF287812230040DBAF /* BirdTests.swift */,
			);
			path = BirdTests;
			sourceTree = "<group>";
		};
		7592F9F8287812230040DBAF /* BirdUITests */ = {
			isa = PBXGroup;
			children = (
				7592F9F9287812230040DBAF /* BirdUITests.swift */,
				7592F9FB287812230040DBAF /* BirdUITestsLaunchTests.swift */,
			);
			path = BirdUITests;
			sourceTree = "<group>";
		};
/* End PBXGroup section */

/* Begin PBXNativeTarget section */
		7592F9DA287812210040DBAF /* Bird */ = {
			isa = PBXNativeTarget;
			buildConfigurationList = 7592F9FF287812230040DBAF /* Build configuration list for PBXNativeTarget "Bird" */;
			buildPhases = (
				7592F9D7287812210040DBAF /* Sources */,
				7592F9D8287812210040DBAF /* Frameworks */,
				7592F9D9287812210040DBAF /* Resources */,
			);
			buildRules = (
			);
			dependencies = (
			);
			name = Bird;
			packageProductDependencies = (
				75488F91287815EF00C993AD /* FirebaseAuth */,
				75488F93287815EF00C993AD /* FirebaseDatabase */,
				75488F95287815EF00C993AD /* FirebaseDatabaseSwift */,
			);
			productName = Bird;
			productReference = 7592F9DB287812210040DBAF /* Bird.app */;
			productType = "com.apple.product-type.application";
		};
		7592F9EA287812230040DBAF /* BirdTests */ = {
			isa = PBXNativeTarget;
			buildConfigurationList = 7592FA02287812230040DBAF /* Build configuration list for PBXNativeTarget "BirdTests" */;
			buildPhases = (
				7592F9E7287812230040DBAF /* Sources */,
				7592F9E8287812230040DBAF /* Frameworks */,
				7592F9E9287812230040DBAF /* Resources */,
			);
			buildRules = (
			);
			dependencies = (
				7592F9ED287812230040DBAF /* PBXTargetDependency */,
			);
			name = BirdTests;
			productName = BirdTests;
			productReference = 7592F9EB287812230040DBAF /* BirdTests.xctest */;
			productType = "com.apple.product-type.bundle.unit-test";
		};
		7592F9F4287812230040DBAF /* BirdUITests */ = {
			isa = PBXNativeTarget;
			buildConfigurationList = 7592FA05287812230040DBAF /* Build configuration list for PBXNativeTarget "BirdUITests" */;
			buildPhases = (
				7592F9F1287812230040DBAF /* Sources */,
				7592F9F2287812230040DBAF /* Frameworks */,
				7592F9F3287812230040DBAF /* Resources */,
			);
			buildRules = (
			);
			dependencies = (
				7592F9F7287812230040DBAF /* PBXTargetDependency */,
			);
			name = BirdUITests;
			productName = BirdUITests;
			productReference = 7592F9F5287812230040DBAF /* BirdUITests.xctest */;
			productType = "com.apple.product-type.bundle.ui-testing";
		};
/* End PBXNativeTarget section */

/* Begin PBXProject section */
		7592F9D3287812210040DBAF /* Project object */ = {
			isa = PBXProject;
			attributes = {
				BuildIndependentTargetsInParallel = 1;
				LastSwiftUpdateCheck = 1340;
				LastUpgradeCheck = 1340;
				TargetAttributes = {
					7592F9DA287812210040DBAF = {
						CreatedOnToolsVersion = 13.4.1;
					};
					7592F9EA287812230040DBAF = {
						CreatedOnToolsVersion = 13.4.1;
						TestTargetID = 7592F9DA287812210040DBAF;
					};
					7592F9F4287812230040DBAF = {
						CreatedOnToolsVersion = 13.4.1;
						TestTargetID = 7592F9DA287812210040DBAF;
					};
				};
			};
			buildConfigurationList = 7592F9D6287812210040DBAF /* Build configuration list for PBXProject "Bird" */;
			compatibilityVersion = "Xcode 13.0";
			developmentRegion = en;
			hasScannedForEncodings = 0;
			knownRegions = (
				en,
				Base,
			);
			mainGroup = 7592F9D2287812210040DBAF;
			packageReferences = (
				75488F90287815EF00C993AD /* XCRemoteSwiftPackageReference "firebase-ios-sdk" */,
			);
			productRefGroup = 7592F9DC287812210040DBAF /* Products */;
			projectDirPath = "";
			projectRoot = "";
			targets = (
				7592F9DA287812210040DBAF /* Bird */,
				7592F9EA287812230040DBAF /* BirdTests */,
				7592F9F4287812230040DBAF /* BirdUITests */,
			);
		};
/* End PBXProject section */

/* Begin PBXResourcesBuildPhase section */
		7592F9D9287812210040DBAF /* Resources */ = {
			isa = PBXResourcesBuildPhase;
			buildActionMask = 2147483647;
			files = (
				7592F9E6287812230040DBAF /* Preview Assets.xcassets in Resources */,
				75488F9C287857AD00C993AD /* GoogleService-Info.plist in Resources */,
				7592F9E3287812230040DBAF /* Assets.xcassets in Resources */,
			);
			runOnlyForDeploymentPostprocessing = 0;
		};
		7592F9E9287812230040DBAF /* Resources */ = {
			isa = PBXResourcesBuildPhase;
			buildActionMask = 2147483647;
			files = (
			);
			runOnlyForDeploymentPostprocessing = 0;
		};
		7592F9F3287812230040DBAF /* Resources */ = {
			isa = PBXResourcesBuildPhase;
			buildActionMask = 2147483647;
			files = (
			);
			runOnlyForDeploymentPostprocessing = 0;
		};
/* End PBXResourcesBuildPhase section */

/* Begin PBXSourcesBuildPhase section */
		7592F9D7287812210040DBAF /* Sources */ = {
			isa = PBXSourcesBuildPhase;
			buildActionMask = 2147483647;
			files = (
				7592F9E1287812210040DBAF /* ContentView.swift in Sources */,
				75488F982878193700C993AD /* Bird.swift in Sources */,
				7592F9DF287812210040DBAF /* BirdApp.swift in Sources */,
				75488F9A28781A1000C993AD /* BirdViewModel.swift in Sources */,
			);
			runOnlyForDeploymentPostprocessing = 0;
		};
		7592F9E7287812230040DBAF /* Sources */ = {
			isa = PBXSourcesBuildPhase;
			buildActionMask = 2147483647;
			files = (
				7592F9F0287812230040DBAF /* BirdTests.swift in Sources */,
			);
			runOnlyForDeploymentPostprocessing = 0;
		};
		7592F9F1287812230040DBAF /* Sources */ = {
			isa = PBXSourcesBuildPhase;
			buildActionMask = 2147483647;
			files = (
				7592F9FA287812230040DBAF /* BirdUITests.swift in Sources */,
				7592F9FC287812230040DBAF /* BirdUITestsLaunchTests.swift in Sources */,
			);
			runOnlyForDeploymentPostprocessing = 0;
		};
/* End PBXSourcesBuildPhase section */

/* Begin PBXTargetDependency section */
		7592F9ED287812230040DBAF /* PBXTargetDependency */ = {
			isa = PBXTargetDependency;
			target = 7592F9DA287812210040DBAF /* Bird */;
			targetProxy = 7592F9EC287812230040DBAF /* PBXContainerItemProxy */;
		};
		7592F9F7287812230040DBAF /* PBXTargetDependency */ = {
			isa = PBXTargetDependency;
			target = 7592F9DA287812210040DBAF /* Bird */;
			targetProxy = 7592F9F6287812230040DBAF /* PBXContainerItemProxy */;
		};
/* End PBXTargetDependency section */

/* Begin XCBuildConfiguration section */
		7592F9FD287812230040DBAF /* Debug */ = {
			isa = XCBuildConfiguration;
			buildSettings = {
				ALWAYS_SEARCH_USER_PATHS = NO;
				CLANG_ANALYZER_NONNULL = YES;
				CLANG_ANALYZER_NUMBER_OBJECT_CONVERSION = YES_AGGRESSIVE;
				CLANG_CXX_LANGUAGE_STANDARD = "gnu++17";
				CLANG_ENABLE_MODULES = YES;
				CLANG_ENABLE_OBJC_ARC = YES;
				CLANG_ENABLE_OBJC_WEAK = YES;
				CLANG_WARN_BLOCK_CAPTURE_AUTORELEASING = YES;
				CLANG_WARN_BOOL_CONVERSION = YES;
				CLANG_WARN_COMMA = YES;
				CLANG_WARN_CONSTANT_CONVERSION = YES;
				CLANG_WARN_DEPRECATED_OBJC_IMPLEMENTATIONS = YES;
				CLANG_WARN_DIRECT_OBJC_ISA_USAGE = YES_ERROR;
				CLANG_WARN_DOCUMENTATION_COMMENTS = YES;
				CLANG_WARN_EMPTY_BODY = YES;
				CLANG_WARN_ENUM_CONVERSION = YES;
				CLANG_WARN_INFINITE_RECURSION = YES;
				CLANG_WARN_INT_CONVERSION = YES;
				CLANG_WARN_NON_LITERAL_NULL_CONVERSION = YES;
				CLANG_WARN_OBJC_IMPLICIT_RETAIN_SELF = YES;
				CLANG_WARN_OBJC_LITERAL_CONVERSION = YES;
				CLANG_WARN_OBJC_ROOT_CLASS = YES_ERROR;
				CLANG_WARN_QUOTED_INCLUDE_IN_FRAMEWORK_HEADER = YES;
				CLANG_WARN_RANGE_LOOP_ANALYSIS = YES;
				CLANG_WARN_STRICT_PROTOTYPES = YES;
				CLANG_WARN_SUSPICIOUS_MOVE = YES;
				CLANG_WARN_UNGUARDED_AVAILABILITY = YES_AGGRESSIVE;
				CLANG_WARN_UNREACHABLE_CODE = YES;
				CLANG_WARN__DUPLICATE_METHOD_MATCH = YES;
				COPY_PHASE_STRIP = NO;
				DEBUG_INFORMATION_FORMAT = dwarf;
				ENABLE_STRICT_OBJC_MSGSEND = YES;
				ENABLE_TESTABILITY = YES;
				GCC_C_LANGUAGE_STANDARD = gnu11;
				GCC_DYNAMIC_NO_PIC = NO;
				GCC_NO_COMMON_BLOCKS = YES;
				GCC_OPTIMIZATION_LEVEL = 0;
				GCC_PREPROCESSOR_DEFINITIONS = (
					"DEBUG=1",
					"$(inherited)",
				);
				GCC_WARN_64_TO_32_BIT_CONVERSION = YES;
				GCC_WARN_ABOUT_RETURN_TYPE = YES_ERROR;
				GCC_WARN_UNDECLARED_SELECTOR = YES;
				GCC_WARN_UNINITIALIZED_AUTOS = YES_AGGRESSIVE;
				GCC_WARN_UNUSED_FUNCTION = YES;
				GCC_WARN_UNUSED_VARIABLE = YES;
				IPHONEOS_DEPLOYMENT_TARGET = 15.5;
				MTL_ENABLE_DEBUG_INFO = INCLUDE_SOURCE;
				MTL_FAST_MATH = YES;
				ONLY_ACTIVE_ARCH = YES;
				SDKROOT = iphoneos;
				SWIFT_ACTIVE_COMPILATION_CONDITIONS = DEBUG;
				SWIFT_OPTIMIZATION_LEVEL = "-Onone";
			};
			name = Debug;
		};
		7592F9FE287812230040DBAF /* Release */ = {
			isa = XCBuildConfiguration;
			buildSettings = {
				ALWAYS_SEARCH_USER_PATHS = NO;
				CLANG_ANALYZER_NONNULL = YES;
				CLANG_ANALYZER_NUMBER_OBJECT_CONVERSION = YES_AGGRESSIVE;
				CLANG_CXX_LANGUAGE_STANDARD = "gnu++17";
				CLANG_ENABLE_MODULES = YES;
				CLANG_ENABLE_OBJC_ARC = YES;
				CLANG_ENABLE_OBJC_WEAK = YES;
				CLANG_WARN_BLOCK_CAPTURE_AUTORELEASING = YES;
				CLANG_WARN_BOOL_CONVERSION = YES;
				CLANG_WARN_COMMA = YES;
				CLANG_WARN_CONSTANT_CONVERSION = YES;
				CLANG_WARN_DEPRECATED_OBJC_IMPLEMENTATIONS = YES;
				CLANG_WARN_DIRECT_OBJC_ISA_USAGE = YES_ERROR;
				CLANG_WARN_DOCUMENTATION_COMMENTS = YES;
				CLANG_WARN_EMPTY_BODY = YES;
				CLANG_WARN_ENUM_CONVERSION = YES;
				CLANG_WARN_INFINITE_RECURSION = YES;
				CLANG_WARN_INT_CONVERSION = YES;
				CLANG_WARN_NON_LITERAL_NULL_CONVERSION = YES;
				CLANG_WARN_OBJC_IMPLICIT_RETAIN_SELF = YES;
				CLANG_WARN_OBJC_LITERAL_CONVERSION = YES;
				CLANG_WARN_OBJC_ROOT_CLASS = YES_ERROR;
				CLANG_WARN_QUOTED_INCLUDE_IN_FRAMEWORK_HEADER = YES;
				CLANG_WARN_RANGE_LOOP_ANALYSIS = YES;
				CLANG_WARN_STRICT_PROTOTYPES = YES;
				CLANG_WARN_SUSPICIOUS_MOVE = YES;
				CLANG_WARN_UNGUARDED_AVAILABILITY = YES_AGGRESSIVE;
				CLANG_WARN_UNREACHABLE_CODE = YES;
				CLANG_WARN__DUPLICATE_METHOD_MATCH = YES;
				COPY_PHASE_STRIP = NO;
				DEBUG_INFORMATION_FORMAT = "dwarf-with-dsym";
				ENABLE_NS_ASSERTIONS = NO;
				ENABLE_STRICT_OBJC_MSGSEND = YES;
				GCC_C_LANGUAGE_STANDARD = gnu11;
				GCC_NO_COMMON_BLOCKS = YES;
				GCC_WARN_64_TO_32_BIT_CONVERSION = YES;
				GCC_WARN_ABOUT_RETURN_TYPE = YES_ERROR;
				GCC_WARN_UNDECLARED_SELECTOR = YES;
				GCC_WARN_UNINITIALIZED_AUTOS = YES_AGGRESSIVE;
				GCC_WARN_UNUSED_FUNCTION = YES;
				GCC_WARN_UNUSED_VARIABLE = YES;
				IPHONEOS_DEPLOYMENT_TARGET = 15.5;
				MTL_ENABLE_DEBUG_INFO = NO;
				MTL_FAST_MATH = YES;
				SDKROOT = iphoneos;
				SWIFT_COMPILATION_MODE = wholemodule;
				SWIFT_OPTIMIZATION_LEVEL = "-O";
				VALIDATE_PRODUCT = YES;
			};
			name = Release;
		};
		7592FA00287812230040DBAF /* Debug */ = {
			isa = XCBuildConfiguration;
			buildSettings = {
				ASSETCATALOG_COMPILER_APPICON_NAME = AppIcon;
				ASSETCATALOG_COMPILER_GLOBAL_ACCENT_COLOR_NAME = AccentColor;
				CODE_SIGN_STYLE = Automatic;
				CURRENT_PROJECT_VERSION = 1;
				DEVELOPMENT_ASSET_PATHS = "\"Bird/Preview Content\"";
				DEVELOPMENT_TEAM = GNP5RY8L8R;
				ENABLE_PREVIEWS = YES;
				GENERATE_INFOPLIST_FILE = YES;
				INFOPLIST_KEY_UIApplicationSceneManifest_Generation = YES;
				INFOPLIST_KEY_UIApplicationSupportsIndirectInputEvents = YES;
				INFOPLIST_KEY_UILaunchScreen_Generation = YES;
				INFOPLIST_KEY_UISupportedInterfaceOrientations_iPad = "UIInterfaceOrientationPortrait UIInterfaceOrientationPortraitUpsideDown UIInterfaceOrientationLandscapeLeft UIInterfaceOrientationLandscapeRight";
				INFOPLIST_KEY_UISupportedInterfaceOrientations_iPhone = "UIInterfaceOrientationPortrait UIInterfaceOrientationLandscapeLeft UIInterfaceOrientationLandscapeRight";
				LD_RUNPATH_SEARCH_PATHS = (
					"$(inherited)",
					"@executable_path/Frameworks",
				);
				MARKETING_VERSION = 1.0;
				PRODUCT_BUNDLE_IDENTIFIER = com.sullivan.Bird;
				PRODUCT_NAME = "$(TARGET_NAME)";
				SWIFT_EMIT_LOC_STRINGS = YES;
				SWIFT_VERSION = 5.0;
				TARGETED_DEVICE_FAMILY = "1,2";
			};
			name = Debug;
		};
		7592FA01287812230040DBAF /* Release */ = {
			isa = XCBuildConfiguration;
			buildSettings = {
				ASSETCATALOG_COMPILER_APPICON_NAME = AppIcon;
				ASSETCATALOG_COMPILER_GLOBAL_ACCENT_COLOR_NAME = AccentColor;
				CODE_SIGN_STYLE = Automatic;
				CURRENT_PROJECT_VERSION = 1;
				DEVELOPMENT_ASSET_PATHS = "\"Bird/Preview Content\"";
				DEVELOPMENT_TEAM = GNP5RY8L8R;
				ENABLE_PREVIEWS = YES;
				GENERATE_INFOPLIST_FILE = YES;
				INFOPLIST_KEY_UIApplicationSceneManifest_Generation = YES;
				INFOPLIST_KEY_UIApplicationSupportsIndirectInputEvents = YES;
				INFOPLIST_KEY_UILaunchScreen_Generation = YES;
				INFOPLIST_KEY_UISupportedInterfaceOrientations_iPad = "UIInterfaceOrientationPortrait UIInterfaceOrientationPortraitUpsideDown UIInterfaceOrientationLandscapeLeft UIInterfaceOrientationLandscapeRight";
				INFOPLIST_KEY_UISupportedInterfaceOrientations_iPhone = "UIInterfaceOrientationPortrait UIInterfaceOrientationLandscapeLeft UIInterfaceOrientationLandscapeRight";
				LD_RUNPATH_SEARCH_PATHS = (
					"$(inherited)",
					"@executable_path/Frameworks",
				);
				MARKETING_VERSION = 1.0;
				PRODUCT_BUNDLE_IDENTIFIER = com.sullivan.Bird;
				PRODUCT_NAME = "$(TARGET_NAME)";
				SWIFT_EMIT_LOC_STRINGS = YES;
				SWIFT_VERSION = 5.0;
				TARGETED_DEVICE_FAMILY = "1,2";
			};
			name = Release;
		};
		7592FA03287812230040DBAF /* Debug */ = {
			isa = XCBuildConfiguration;
			buildSettings = {
				ALWAYS_EMBED_SWIFT_STANDARD_LIBRARIES = YES;
				BUNDLE_LOADER = "$(TEST_HOST)";
				CODE_SIGN_STYLE = Automatic;
				CURRENT_PROJECT_VERSION = 1;
				DEVELOPMENT_TEAM = GNP5RY8L8R;
				GENERATE_INFOPLIST_FILE = YES;
				IPHONEOS_DEPLOYMENT_TARGET = 15.5;
				MARKETING_VERSION = 1.0;
				PRODUCT_BUNDLE_IDENTIFIER = com.sullivan.BirdTests;
				PRODUCT_NAME = "$(TARGET_NAME)";
				SWIFT_EMIT_LOC_STRINGS = NO;
				SWIFT_VERSION = 5.0;
				TARGETED_DEVICE_FAMILY = "1,2";
				TEST_HOST = "$(BUILT_PRODUCTS_DIR)/Bird.app/Bird";
			};
			name = Debug;
		};
		7592FA04287812230040DBAF /* Release */ = {
			isa = XCBuildConfiguration;
			buildSettings = {
				ALWAYS_EMBED_SWIFT_STANDARD_LIBRARIES = YES;
				BUNDLE_LOADER = "$(TEST_HOST)";
				CODE_SIGN_STYLE = Automatic;
				CURRENT_PROJECT_VERSION = 1;
				DEVELOPMENT_TEAM = GNP5RY8L8R;
				GENERATE_INFOPLIST_FILE = YES;
				IPHONEOS_DEPLOYMENT_TARGET = 15.5;
				MARKETING_VERSION = 1.0;
				PRODUCT_BUNDLE_IDENTIFIER = com.sullivan.BirdTests;
				PRODUCT_NAME = "$(TARGET_NAME)";
				SWIFT_EMIT_LOC_STRINGS = NO;
				SWIFT_VERSION = 5.0;
				TARGETED_DEVICE_FAMILY = "1,2";
				TEST_HOST = "$(BUILT_PRODUCTS_DIR)/Bird.app/Bird";
			};
			name = Release;
		};
		7592FA06287812230040DBAF /* Debug */ = {
			isa = XCBuildConfiguration;
			buildSettings = {
				ALWAYS_EMBED_SWIFT_STANDARD_LIBRARIES = YES;
				CODE_SIGN_STYLE = Automatic;
				CURRENT_PROJECT_VERSION = 1;
				DEVELOPMENT_TEAM = GNP5RY8L8R;
				GENERATE_INFOPLIST_FILE = YES;
				MARKETING_VERSION = 1.0;
				PRODUCT_BUNDLE_IDENTIFIER = com.sullivan.BirdUITests;
				PRODUCT_NAME = "$(TARGET_NAME)";
				SWIFT_EMIT_LOC_STRINGS = NO;
				SWIFT_VERSION = 5.0;
				TARGETED_DEVICE_FAMILY = "1,2";
				TEST_TARGET_NAME = Bird;
			};
			name = Debug;
		};
		7592FA07287812230040DBAF /* Release */ = {
			isa = XCBuildConfiguration;
			buildSettings = {
				ALWAYS_EMBED_SWIFT_STANDARD_LIBRARIES = YES;
				CODE_SIGN_STYLE = Automatic;
				CURRENT_PROJECT_VERSION = 1;
				DEVELOPMENT_TEAM = GNP5RY8L8R;
				GENERATE_INFOPLIST_FILE = YES;
				MARKETING_VERSION = 1.0;
				PRODUCT_BUNDLE_IDENTIFIER = com.sullivan.BirdUITests;
				PRODUCT_NAME = "$(TARGET_NAME)";
				SWIFT_EMIT_LOC_STRINGS = NO;
				SWIFT_VERSION = 5.0;
				TARGETED_DEVICE_FAMILY = "1,2";
				TEST_TARGET_NAME = Bird;
			};
			name = Release;
		};
/* End XCBuildConfiguration section */

/* Begin XCConfigurationList section */
		7592F9D6287812210040DBAF /* Build configuration list for PBXProject "Bird" */ = {
			isa = XCConfigurationList;
			buildConfigurations = (
				7592F9FD287812230040DBAF /* Debug */,
				7592F9FE287812230040DBAF /* Release */,
			);
			defaultConfigurationIsVisible = 0;
			defaultConfigurationName = Release;
		};
		7592F9FF287812230040DBAF /* Build configuration list for PBXNativeTarget "Bird" */ = {
			isa = XCConfigurationList;
			buildConfigurations = (
				7592FA00287812230040DBAF /* Debug */,
				7592FA01287812230040DBAF /* Release */,
			);
			defaultConfigurationIsVisible = 0;
			defaultConfigurationName = Release;
		};
		7592FA02287812230040DBAF /* Build configuration list for PBXNativeTarget "BirdTests" */ = {
			isa = XCConfigurationList;
			buildConfigurations = (
				7592FA03287812230040DBAF /* Debug */,
				7592FA04287812230040DBAF /* Release */,
			);
			defaultConfigurationIsVisible = 0;
			defaultConfigurationName = Release;
		};
		7592FA05287812230040DBAF /* Build configuration list for PBXNativeTarget "BirdUITests" */ = {
			isa = XCConfigurationList;
			buildConfigurations = (
				7592FA06287812230040DBAF /* Debug */,
				7592FA07287812230040DBAF /* Release */,
			);
			defaultConfigurationIsVisible = 0;
			defaultConfigurationName = Release;
		};
/* End XCConfigurationList section */

/* Begin XCRemoteSwiftPackageReference section */
		75488F90287815EF00C993AD /* XCRemoteSwiftPackageReference "firebase-ios-sdk" */ = {
			isa = XCRemoteSwiftPackageReference;
			repositoryURL = "https://github.com/firebase/firebase-ios-sdk";
			requirement = {
				kind = upToNextMajorVersion;
				minimumVersion = 9.0.0;
			};
		};
/* End XCRemoteSwiftPackageReference section */

/* Begin XCSwiftPackageProductDependency section */
		75488F91287815EF00C993AD /* FirebaseAuth */ = {
			isa = XCSwiftPackageProductDependency;
			package = 75488F90287815EF00C993AD /* XCRemoteSwiftPackageReference "firebase-ios-sdk" */;
			productName = FirebaseAuth;
		};
		75488F93287815EF00C993AD /* FirebaseDatabase */ = {
			isa = XCSwiftPackageProductDependency;
			package = 75488F90287815EF00C993AD /* XCRemoteSwiftPackageReference "firebase-ios-sdk" */;
			productName = FirebaseDatabase;
		};
		75488F95287815EF00C993AD /* FirebaseDatabaseSwift */ = {
			isa = XCSwiftPackageProductDependency;
			package = 75488F90287815EF00C993AD /* XCRemoteSwiftPackageReference "firebase-ios-sdk" */;
			productName = FirebaseDatabaseSwift;
		};
/* End XCSwiftPackageProductDependency section */
	};
	rootObject = 7592F9D3287812210040DBAF /* Project object */;
}
